{
  "originHash" : "38851208b28af55d2651e9e0e588aae9227f0ccc268589ffc6c86d2e9a5ac27e",
  "pins" : [
    {
      "identity" : "bigint",
      "kind" : "remoteSourceControl",
      "location" : "https://github.com/attaswift/BigInt.git",
      "state" : {
        "branch" : "master",
        "revision" : "ef1641b9ec4de6ba48b899816448a9b19f307df2"
      }
    }
  ],
  "version" : 3
}
