
Microsoft Visual Studio Solution File, Format Version 12.00
# Visual Studio Version 17
VisualStudioVersion = 17.0.31903.59
MinimumVisualStudioVersion = 10.0.40219.1
Project("{2150E333-8FDC-42A3-9474-1A3956D46DE8}") = "app", "app", "{729293D3-9853-44BD-9A25-5FB98F3FB141}"
EndProject
Project("{FAE04EC0-301F-11D3-BF4B-00C04F79EFBC}") = "App", "app\App\App.csproj", "{16CBFED7-76F1-4C55-8DA3-6B322285E784}"
EndProject
Project("{2150E333-8FDC-42A3-9474-1A3956D46DE8}") = "modules", "modules", "{0EC14973-20E6-4C7B-9C9F-494A3740A02D}"
EndProject
Project("{2150E333-8FDC-42A3-9474-1A3956D46DE8}") = "Numbers.Utils", "Numbers.Utils", "{475016C6-A2BF-4539-8335-09D80DEDCC10}"
EndProject
Project("{2150E333-8FDC-42A3-9474-1A3956D46DE8}") = "Numbers.Utils.Tests", "Numbers.Utils.Tests", "{7BA7F7F4-FE62-44DD-8AF9-0218135C1973}"
EndProject
Project("{FAE04EC0-301F-11D3-BF4B-00C04F79EFBC}") = "OperationsTests", "modules\Numbers.Utils\Numbers.Utils.Tests\Operations.Tests\OperationsTests.csproj", "{0CFBD2DB-080A-4E36-8A11-C860B2B3BF3D}"
EndProject
Project("{2150E333-8FDC-42A3-9474-1A3956D46DE8}") = "src", "src", "{4A57B558-7B00-44CA-A2D3-45A79494C691}"
EndProject
Project("{FAE04EC0-301F-11D3-BF4B-00C04F79EFBC}") = "HelloWorld", "src\Hello.World\HelloWorld.csproj", "{6D3C3FAE-BDDB-4F02-B0F1-850F33811CBE}"
EndProject
Project("{2150E333-8FDC-42A3-9474-1A3956D46DE8}") = "tests", "tests", "{90B057F7-B87B-4079-BE3C-ED8AE3F89042}"
EndProject
Project("{FAE04EC0-301F-11D3-BF4B-00C04F79EFBC}") = "HelloWorldTests", "tests\Hello.World.Tests\HelloWorldTests.csproj", "{78B7A73D-E1B6-43EB-B278-4268F23D8D42}"
EndProject
Project("{2150E333-8FDC-42A3-9474-1A3956D46DE8}") = "Numbers.Utils.Operations", "Numbers.Utils.Operations", "{9790C872-6101-4143-8E38-F07883960571}"
EndProject
Project("{FAE04EC0-301F-11D3-BF4B-00C04F79EFBC}") = "FactorialUtils", "modules\Numbers.Utils\Numbers.Utils.Operations\Factorial.Utils\FactorialUtils.csproj", "{3F6EAE24-0C09-49A9-BB45-8AFB1281C0DA}"
EndProject
Project("{FAE04EC0-301F-11D3-BF4B-00C04F79EFBC}") = "FibonacciUtils", "modules\Numbers.Utils\Numbers.Utils.Operations\Fibonacci.Utils\FibonacciUtils.csproj", "{30322750-BC83-4093-80AF-D067F2B8A419}"
EndProject
Project("{FAE04EC0-301F-11D3-BF4B-00C04F79EFBC}") = "FactorUtils", "modules\Numbers.Utils\Numbers.Utils.Operations\Factor.Utils\FactorUtils.csproj", "{3D207905-30CF-4F90-BE46-6F0DC6C140B5}"
EndProject
Project("{2150E333-8FDC-42A3-9474-1A3956D46DE8}") = "Numbers.Utils.App", "Numbers.Utils.App", "{94687ECB-FF38-4D7E-B697-DD87D7DA59BB}"
EndProject
Project("{FAE04EC0-301F-11D3-BF4B-00C04F79EFBC}") = "Factor", "modules\Numbers.Utils\Numbers.Utils.App\Factor\Factor.csproj", "{67E8ACD9-F57B-4DA0-BA82-3C3BAF185FE1}"
EndProject
Project("{2150E333-8FDC-42A3-9474-1A3956D46DE8}") = "Hello.Dotnet", "Hello.Dotnet", "{5AEF1456-6963-45C8-A0D2-EF0A431FFD5C}"
EndProject
Project("{FAE04EC0-301F-11D3-BF4B-00C04F79EFBC}") = "HelloDotnet", "modules\Hello.Dotnet\Hello.Dotnet.App\HelloDotnet.csproj", "{599F6F5F-0B56-40E7-9184-CA3C56FA23C2}"
EndProject
Project("{FAE04EC0-301F-11D3-BF4B-00C04F79EFBC}") = "GoodbyeWorld", "src\Goodbye.World\GoodbyeWorld.csproj", "{6B67A01F-FD65-4F6F-9EF3-16636FD033D8}"
EndProject
Project("{FAE04EC0-301F-11D3-BF4B-00C04F79EFBC}") = "CLIFunction", "src\CLI.Function\CLIFunction.csproj", "{35AED445-F719-4AD5-A536-76058FD020BA}"
EndProject
Project("{2150E333-8FDC-42A3-9474-1A3956D46DE8}") = "Translator", "Translator", "{32B3363E-992C-4B28-A012-17603C4E17CD}"
EndProject
Project("{FAE04EC0-301F-11D3-BF4B-00C04F79EFBC}") = "Translator", "modules\Translator\Translator.Lib\Translator.csproj", "{EC7CC828-357B-4B81-8A3C-3C41F85FF2F8}"
EndProject
Project("{FAE04EC0-301F-11D3-BF4B-00C04F79EFBC}") = "TranslatorTests", "modules\Translator\Translator.Tests\TranslatorTests.csproj", "{8A6ED882-7ED8-4BE8-B244-221D596743F7}"
EndProject
Project("{2150E333-8FDC-42A3-9474-1A3956D46DE8}") = "Date.Today", "Date.Today", "{1E9E4D77-C636-42EA-86A7-6A20DFA062B3}"
EndProject
Project("{FAE04EC0-301F-11D3-BF4B-00C04F79EFBC}") = "DateToday", "modules\Date.Today\Date.Today.App\DateToday.csproj", "{753D1F25-FE68-422A-9272-C274EB7ACEC8}"
EndProject
Project("{2150E333-8FDC-42A3-9474-1A3956D46DE8}") = "Command", "Command", "{ED901AF4-511F-4DAB-86C2-1CC01A5BD784}"
EndProject
Project("{FAE04EC0-301F-11D3-BF4B-00C04F79EFBC}") = "Banner", "app\Command\Banner\Banner.csproj", "{AB0BA78A-034C-4E18-9DB4-480638C1693E}"
EndProject
Project("{FAE04EC0-301F-11D3-BF4B-00C04F79EFBC}") = "Greeter", "app\Command\Greeter\Greeter.csproj", "{FB889D08-1F8D-4EEF-AE38-63A3D419F68B}"
EndProject
Project("{FAE04EC0-301F-11D3-BF4B-00C04F79EFBC}") = "Factorial", "modules\Numbers.Utils\Numbers.Utils.App\Factorial\Factorial.csproj", "{6B035E1E-75F4-49A4-ACED-FD1F5798E775}"
EndProject
Project("{FAE04EC0-301F-11D3-BF4B-00C04F79EFBC}") = "Fibonacci", "modules\Numbers.Utils\Numbers.Utils.App\Fibonacci\Fibonacci.csproj", "{099C4B68-8A3D-489C-87FA-904ECC2ED4EE}"
EndProject
Project("{FAE04EC0-301F-11D3-BF4B-00C04F79EFBC}") = "Details", "app\Command\Details\Details.csproj", "{33799039-1A3A-41C7-BC27-51C0104911D8}"
EndProject
Project("{FAE04EC0-301F-11D3-BF4B-00C04F79EFBC}") = "Number", "app\Command\Number\Number.csproj", "{53C1A427-594E-4D0A-999D-3C3008EEE08F}"
EndProject
Project("{FAE04EC0-301F-11D3-BF4B-00C04F79EFBC}") = "Random", "app\Command\Random\Random.csproj", "{BEC9FBA6-64A8-4ABC-ACEB-BA02B4708938}"
EndProject
Global
	GlobalSection(SolutionConfigurationPlatforms) = preSolution
		Debug|Any CPU = Debug|Any CPU
		Release|Any CPU = Release|Any CPU
	EndGlobalSection
	GlobalSection(SolutionProperties) = preSolution
		HideSolutionNode = FALSE
	EndGlobalSection
	GlobalSection(ProjectConfigurationPlatforms) = postSolution
		{16CBFED7-76F1-4C55-8DA3-6B322285E784}.Debug|Any CPU.ActiveCfg = Debug|Any CPU
		{16CBFED7-76F1-4C55-8DA3-6B322285E784}.Debug|Any CPU.Build.0 = Debug|Any CPU
		{16CBFED7-76F1-4C55-8DA3-6B322285E784}.Release|Any CPU.ActiveCfg = Release|Any CPU
		{16CBFED7-76F1-4C55-8DA3-6B322285E784}.Release|Any CPU.Build.0 = Release|Any CPU
		{0CFBD2DB-080A-4E36-8A11-C860B2B3BF3D}.Debug|Any CPU.ActiveCfg = Debug|Any CPU
		{0CFBD2DB-080A-4E36-8A11-C860B2B3BF3D}.Debug|Any CPU.Build.0 = Debug|Any CPU
		{0CFBD2DB-080A-4E36-8A11-C860B2B3BF3D}.Release|Any CPU.ActiveCfg = Release|Any CPU
		{0CFBD2DB-080A-4E36-8A11-C860B2B3BF3D}.Release|Any CPU.Build.0 = Release|Any CPU
		{6D3C3FAE-BDDB-4F02-B0F1-850F33811CBE}.Debug|Any CPU.ActiveCfg = Debug|Any CPU
		{6D3C3FAE-BDDB-4F02-B0F1-850F33811CBE}.Debug|Any CPU.Build.0 = Debug|Any CPU
		{6D3C3FAE-BDDB-4F02-B0F1-850F33811CBE}.Release|Any CPU.ActiveCfg = Release|Any CPU
		{6D3C3FAE-BDDB-4F02-B0F1-850F33811CBE}.Release|Any CPU.Build.0 = Release|Any CPU
		{78B7A73D-E1B6-43EB-B278-4268F23D8D42}.Debug|Any CPU.ActiveCfg = Debug|Any CPU
		{78B7A73D-E1B6-43EB-B278-4268F23D8D42}.Debug|Any CPU.Build.0 = Debug|Any CPU
		{78B7A73D-E1B6-43EB-B278-4268F23D8D42}.Release|Any CPU.ActiveCfg = Release|Any CPU
		{78B7A73D-E1B6-43EB-B278-4268F23D8D42}.Release|Any CPU.Build.0 = Release|Any CPU
		{3F6EAE24-0C09-49A9-BB45-8AFB1281C0DA}.Debug|Any CPU.ActiveCfg = Debug|Any CPU
		{3F6EAE24-0C09-49A9-BB45-8AFB1281C0DA}.Debug|Any CPU.Build.0 = Debug|Any CPU
		{3F6EAE24-0C09-49A9-BB45-8AFB1281C0DA}.Release|Any CPU.ActiveCfg = Release|Any CPU
		{3F6EAE24-0C09-49A9-BB45-8AFB1281C0DA}.Release|Any CPU.Build.0 = Release|Any CPU
		{30322750-BC83-4093-80AF-D067F2B8A419}.Debug|Any CPU.ActiveCfg = Debug|Any CPU
		{30322750-BC83-4093-80AF-D067F2B8A419}.Debug|Any CPU.Build.0 = Debug|Any CPU
		{30322750-BC83-4093-80AF-D067F2B8A419}.Release|Any CPU.ActiveCfg = Release|Any CPU
		{30322750-BC83-4093-80AF-D067F2B8A419}.Release|Any CPU.Build.0 = Release|Any CPU
		{3D207905-30CF-4F90-BE46-6F0DC6C140B5}.Debug|Any CPU.ActiveCfg = Debug|Any CPU
		{3D207905-30CF-4F90-BE46-6F0DC6C140B5}.Debug|Any CPU.Build.0 = Debug|Any CPU
		{3D207905-30CF-4F90-BE46-6F0DC6C140B5}.Release|Any CPU.ActiveCfg = Release|Any CPU
		{3D207905-30CF-4F90-BE46-6F0DC6C140B5}.Release|Any CPU.Build.0 = Release|Any CPU
		{67E8ACD9-F57B-4DA0-BA82-3C3BAF185FE1}.Debug|Any CPU.ActiveCfg = Debug|Any CPU
		{67E8ACD9-F57B-4DA0-BA82-3C3BAF185FE1}.Debug|Any CPU.Build.0 = Debug|Any CPU
		{67E8ACD9-F57B-4DA0-BA82-3C3BAF185FE1}.Release|Any CPU.ActiveCfg = Release|Any CPU
		{67E8ACD9-F57B-4DA0-BA82-3C3BAF185FE1}.Release|Any CPU.Build.0 = Release|Any CPU
		{599F6F5F-0B56-40E7-9184-CA3C56FA23C2}.Debug|Any CPU.ActiveCfg = Debug|Any CPU
		{599F6F5F-0B56-40E7-9184-CA3C56FA23C2}.Debug|Any CPU.Build.0 = Debug|Any CPU
		{599F6F5F-0B56-40E7-9184-CA3C56FA23C2}.Release|Any CPU.ActiveCfg = Release|Any CPU
		{599F6F5F-0B56-40E7-9184-CA3C56FA23C2}.Release|Any CPU.Build.0 = Release|Any CPU
		{6B67A01F-FD65-4F6F-9EF3-16636FD033D8}.Debug|Any CPU.ActiveCfg = Debug|Any CPU
		{6B67A01F-FD65-4F6F-9EF3-16636FD033D8}.Debug|Any CPU.Build.0 = Debug|Any CPU
		{6B67A01F-FD65-4F6F-9EF3-16636FD033D8}.Release|Any CPU.ActiveCfg = Release|Any CPU
		{6B67A01F-FD65-4F6F-9EF3-16636FD033D8}.Release|Any CPU.Build.0 = Release|Any CPU
		{35AED445-F719-4AD5-A536-76058FD020BA}.Debug|Any CPU.ActiveCfg = Debug|Any CPU
		{35AED445-F719-4AD5-A536-76058FD020BA}.Debug|Any CPU.Build.0 = Debug|Any CPU
		{35AED445-F719-4AD5-A536-76058FD020BA}.Release|Any CPU.ActiveCfg = Release|Any CPU
		{35AED445-F719-4AD5-A536-76058FD020BA}.Release|Any CPU.Build.0 = Release|Any CPU
		{EC7CC828-357B-4B81-8A3C-3C41F85FF2F8}.Debug|Any CPU.ActiveCfg = Debug|Any CPU
		{EC7CC828-357B-4B81-8A3C-3C41F85FF2F8}.Debug|Any CPU.Build.0 = Debug|Any CPU
		{EC7CC828-357B-4B81-8A3C-3C41F85FF2F8}.Release|Any CPU.ActiveCfg = Release|Any CPU
		{EC7CC828-357B-4B81-8A3C-3C41F85FF2F8}.Release|Any CPU.Build.0 = Release|Any CPU
		{8A6ED882-7ED8-4BE8-B244-221D596743F7}.Debug|Any CPU.ActiveCfg = Debug|Any CPU
		{8A6ED882-7ED8-4BE8-B244-221D596743F7}.Debug|Any CPU.Build.0 = Debug|Any CPU
		{8A6ED882-7ED8-4BE8-B244-221D596743F7}.Release|Any CPU.ActiveCfg = Release|Any CPU
		{8A6ED882-7ED8-4BE8-B244-221D596743F7}.Release|Any CPU.Build.0 = Release|Any CPU
		{753D1F25-FE68-422A-9272-C274EB7ACEC8}.Debug|Any CPU.ActiveCfg = Debug|Any CPU
		{753D1F25-FE68-422A-9272-C274EB7ACEC8}.Debug|Any CPU.Build.0 = Debug|Any CPU
		{753D1F25-FE68-422A-9272-C274EB7ACEC8}.Release|Any CPU.ActiveCfg = Release|Any CPU
		{753D1F25-FE68-422A-9272-C274EB7ACEC8}.Release|Any CPU.Build.0 = Release|Any CPU
		{AB0BA78A-034C-4E18-9DB4-480638C1693E}.Debug|Any CPU.ActiveCfg = Debug|Any CPU
		{AB0BA78A-034C-4E18-9DB4-480638C1693E}.Debug|Any CPU.Build.0 = Debug|Any CPU
		{AB0BA78A-034C-4E18-9DB4-480638C1693E}.Release|Any CPU.ActiveCfg = Release|Any CPU
		{AB0BA78A-034C-4E18-9DB4-480638C1693E}.Release|Any CPU.Build.0 = Release|Any CPU
		{FB889D08-1F8D-4EEF-AE38-63A3D419F68B}.Debug|Any CPU.ActiveCfg = Debug|Any CPU
		{FB889D08-1F8D-4EEF-AE38-63A3D419F68B}.Debug|Any CPU.Build.0 = Debug|Any CPU
		{FB889D08-1F8D-4EEF-AE38-63A3D419F68B}.Release|Any CPU.ActiveCfg = Release|Any CPU
		{FB889D08-1F8D-4EEF-AE38-63A3D419F68B}.Release|Any CPU.Build.0 = Release|Any CPU
		{6B035E1E-75F4-49A4-ACED-FD1F5798E775}.Debug|Any CPU.ActiveCfg = Debug|Any CPU
		{6B035E1E-75F4-49A4-ACED-FD1F5798E775}.Debug|Any CPU.Build.0 = Debug|Any CPU
		{6B035E1E-75F4-49A4-ACED-FD1F5798E775}.Release|Any CPU.ActiveCfg = Release|Any CPU
		{6B035E1E-75F4-49A4-ACED-FD1F5798E775}.Release|Any CPU.Build.0 = Release|Any CPU
		{099C4B68-8A3D-489C-87FA-904ECC2ED4EE}.Debug|Any CPU.ActiveCfg = Debug|Any CPU
		{099C4B68-8A3D-489C-87FA-904ECC2ED4EE}.Debug|Any CPU.Build.0 = Debug|Any CPU
		{099C4B68-8A3D-489C-87FA-904ECC2ED4EE}.Release|Any CPU.ActiveCfg = Release|Any CPU
		{099C4B68-8A3D-489C-87FA-904ECC2ED4EE}.Release|Any CPU.Build.0 = Release|Any CPU
		{33799039-1A3A-41C7-BC27-51C0104911D8}.Debug|Any CPU.ActiveCfg = Debug|Any CPU
		{33799039-1A3A-41C7-BC27-51C0104911D8}.Debug|Any CPU.Build.0 = Debug|Any CPU
		{33799039-1A3A-41C7-BC27-51C0104911D8}.Release|Any CPU.ActiveCfg = Release|Any CPU
		{33799039-1A3A-41C7-BC27-51C0104911D8}.Release|Any CPU.Build.0 = Release|Any CPU
		{53C1A427-594E-4D0A-999D-3C3008EEE08F}.Debug|Any CPU.ActiveCfg = Debug|Any CPU
		{53C1A427-594E-4D0A-999D-3C3008EEE08F}.Debug|Any CPU.Build.0 = Debug|Any CPU
		{53C1A427-594E-4D0A-999D-3C3008EEE08F}.Release|Any CPU.ActiveCfg = Release|Any CPU
		{53C1A427-594E-4D0A-999D-3C3008EEE08F}.Release|Any CPU.Build.0 = Release|Any CPU
		{BEC9FBA6-64A8-4ABC-ACEB-BA02B4708938}.Debug|Any CPU.ActiveCfg = Debug|Any CPU
		{BEC9FBA6-64A8-4ABC-ACEB-BA02B4708938}.Debug|Any CPU.Build.0 = Debug|Any CPU
		{BEC9FBA6-64A8-4ABC-ACEB-BA02B4708938}.Release|Any CPU.ActiveCfg = Release|Any CPU
		{BEC9FBA6-64A8-4ABC-ACEB-BA02B4708938}.Release|Any CPU.Build.0 = Release|Any CPU
	EndGlobalSection
	GlobalSection(NestedProjects) = preSolution
		{16CBFED7-76F1-4C55-8DA3-6B322285E784} = {729293D3-9853-44BD-9A25-5FB98F3FB141}
		{475016C6-A2BF-4539-8335-09D80DEDCC10} = {0EC14973-20E6-4C7B-9C9F-494A3740A02D}
		{7BA7F7F4-FE62-44DD-8AF9-0218135C1973} = {475016C6-A2BF-4539-8335-09D80DEDCC10}
		{0CFBD2DB-080A-4E36-8A11-C860B2B3BF3D} = {7BA7F7F4-FE62-44DD-8AF9-0218135C1973}
		{6D3C3FAE-BDDB-4F02-B0F1-850F33811CBE} = {4A57B558-7B00-44CA-A2D3-45A79494C691}
		{78B7A73D-E1B6-43EB-B278-4268F23D8D42} = {90B057F7-B87B-4079-BE3C-ED8AE3F89042}
		{9790C872-6101-4143-8E38-F07883960571} = {475016C6-A2BF-4539-8335-09D80DEDCC10}
		{3F6EAE24-0C09-49A9-BB45-8AFB1281C0DA} = {9790C872-6101-4143-8E38-F07883960571}
		{30322750-BC83-4093-80AF-D067F2B8A419} = {9790C872-6101-4143-8E38-F07883960571}
		{3D207905-30CF-4F90-BE46-6F0DC6C140B5} = {9790C872-6101-4143-8E38-F07883960571}
		{94687ECB-FF38-4D7E-B697-DD87D7DA59BB} = {475016C6-A2BF-4539-8335-09D80DEDCC10}
		{67E8ACD9-F57B-4DA0-BA82-3C3BAF185FE1} = {94687ECB-FF38-4D7E-B697-DD87D7DA59BB}
		{5AEF1456-6963-45C8-A0D2-EF0A431FFD5C} = {0EC14973-20E6-4C7B-9C9F-494A3740A02D}
		{599F6F5F-0B56-40E7-9184-CA3C56FA23C2} = {5AEF1456-6963-45C8-A0D2-EF0A431FFD5C}
		{6B67A01F-FD65-4F6F-9EF3-16636FD033D8} = {4A57B558-7B00-44CA-A2D3-45A79494C691}
		{35AED445-F719-4AD5-A536-76058FD020BA} = {4A57B558-7B00-44CA-A2D3-45A79494C691}
		{32B3363E-992C-4B28-A012-17603C4E17CD} = {0EC14973-20E6-4C7B-9C9F-494A3740A02D}
		{EC7CC828-357B-4B81-8A3C-3C41F85FF2F8} = {32B3363E-992C-4B28-A012-17603C4E17CD}
		{8A6ED882-7ED8-4BE8-B244-221D596743F7} = {32B3363E-992C-4B28-A012-17603C4E17CD}
		{1E9E4D77-C636-42EA-86A7-6A20DFA062B3} = {0EC14973-20E6-4C7B-9C9F-494A3740A02D}
		{753D1F25-FE68-422A-9272-C274EB7ACEC8} = {1E9E4D77-C636-42EA-86A7-6A20DFA062B3}
		{ED901AF4-511F-4DAB-86C2-1CC01A5BD784} = {729293D3-9853-44BD-9A25-5FB98F3FB141}
		{AB0BA78A-034C-4E18-9DB4-480638C1693E} = {ED901AF4-511F-4DAB-86C2-1CC01A5BD784}
		{FB889D08-1F8D-4EEF-AE38-63A3D419F68B} = {ED901AF4-511F-4DAB-86C2-1CC01A5BD784}
		{6B035E1E-75F4-49A4-ACED-FD1F5798E775} = {94687ECB-FF38-4D7E-B697-DD87D7DA59BB}
		{099C4B68-8A3D-489C-87FA-904ECC2ED4EE} = {94687ECB-FF38-4D7E-B697-DD87D7DA59BB}
		{33799039-1A3A-41C7-BC27-51C0104911D8} = {ED901AF4-511F-4DAB-86C2-1CC01A5BD784}
		{53C1A427-594E-4D0A-999D-3C3008EEE08F} = {ED901AF4-511F-4DAB-86C2-1CC01A5BD784}
		{BEC9FBA6-64A8-4ABC-ACEB-BA02B4708938} = {ED901AF4-511F-4DAB-86C2-1CC01A5BD784}
	EndGlobalSection
EndGlobal
