
Microsoft Visual Studio Solution File, Format Version 12.00
# Visual Studio Version 17
VisualStudioVersion = 17.0.31903.59
MinimumVisualStudioVersion = 10.0.40219.1
Project("{FAE04EC0-301F-11D3-BF4B-00C04F79EFBC}") = "Hello.World", "src\Hello.World.csproj", "{1EF7A312-6FC2-4EC9-A7E9-1E56B8348FB6}"
EndProject
Project("{FAE04EC0-301F-11D3-BF4B-00C04F79EFBC}") = "Hello.World.Test", "test\Hello.World.Test.csproj", "{8C9645AF-1A7E-42F4-BF11-81A8D0961272}"
EndProject
Global
	GlobalSection(SolutionConfigurationPlatforms) = preSolution
		Debug|Any CPU = Debug|Any CPU
		Release|Any CPU = Release|Any CPU
	EndGlobalSection
	GlobalSection(SolutionProperties) = preSolution
		HideSolutionNode = FALSE
	EndGlobalSection
	GlobalSection(ProjectConfigurationPlatforms) = postSolution
		{1EF7A312-6FC2-4EC9-A7E9-1E56B8348FB6}.Debug|Any CPU.ActiveCfg = Debug|Any CPU
		{1EF7A312-6FC2-4EC9-A7E9-1E56B8348FB6}.Debug|Any CPU.Build.0 = Debug|Any CPU
		{1EF7A312-6FC2-4EC9-A7E9-1E56B8348FB6}.Release|Any CPU.ActiveCfg = Release|Any CPU
		{1EF7A312-6FC2-4EC9-A7E9-1E56B8348FB6}.Release|Any CPU.Build.0 = Release|Any CPU
		{8C9645AF-1A7E-42F4-BF11-81A8D0961272}.Debug|Any CPU.ActiveCfg = Debug|Any CPU
		{8C9645AF-1A7E-42F4-BF11-81A8D0961272}.Debug|Any CPU.Build.0 = Debug|Any CPU
		{8C9645AF-1A7E-42F4-BF11-81A8D0961272}.Release|Any CPU.ActiveCfg = Release|Any CPU
		{8C9645AF-1A7E-42F4-BF11-81A8D0961272}.Release|Any CPU.Build.0 = Release|Any CPU
	EndGlobalSection
EndGlobal
